{
  "lib/aave-address-book": {
    "branch": {
      "name": "main",
      "rev": "7c65232c4ba81909344542161c51a3c17f0fedf5"
    }
  },
  "lib/aave-helpers": {
    "branch": {
      "name": "main",
      "rev": "e4a3241b1caebe64c2d803934ee0bd2081049e4a"
    }
  },
  "lib/forge-std": {
    "rev": "0c71116a218268ee8c0157be8efcb13af0f7beaf"
  }
}