{
  "lib/aave-address-book": {
    "branch": {
      "name": "main",
      "rev": "43878a8c46d08de9a70a0f9d6c5659e90b151b72"
    }
  },
  "lib/aave-helpers": {
    "branch": {
      "name": "main",
      "rev": "d88b9908d0efce710420bdba1a1ad28927f3dcae"
    }
  },
  "lib/forge-std": {
    "rev": "0c71116a218268ee8c0157be8efcb13af0f7beaf"
  }
}